
Microsoft Visual Studio Solution File, Format Version 12.00
# Visual Studio Version 17
VisualStudioVersion = 17.0.31903.59
MinimumVisualStudioVersion = 10.0.40219.1
Project("{2150E333-8FDC-42A3-9474-1A3956D46DE8}") = "src", "src", "{827E0CD3-B72D-47B6-A68D-7590B98EB39B}"
EndProject
Project("{2150E333-8FDC-42A3-9474-1A3956D46DE8}") = "domain", "domain", "{8B290487-4C16-E85E-E807-F579CBE9FC4D}"
EndProject
Project("{FAE04EC0-301F-11D3-BF4B-00C04F79EFBC}") = "ZedLive.Domain", "src\domain\ZedLive.Domain\ZedLive.Domain.csproj", "{A595134B-1B9F-4248-A2FF-73BFE93F4B45}"
EndProject
Project("{FAE04EC0-301F-11D3-BF4B-00C04F79EFBC}") = "ZedLive.Api", "src\api\ZedLive.Api\ZedLive.Api.csproj", "{041B92F5-BF7F-4146-BAD5-128466320CC4}"
EndProject
Project("{2150E333-8FDC-42A3-9474-1A3956D46DE8}") = "application", "application", "{22BAF98C-8415-17C4-B26A-D537657BC863}"
EndProject
Project("{FAE04EC0-301F-11D3-BF4B-00C04F79EFBC}") = "ZedLive.Application", "src\application\ZedLive.Application\ZedLive.Application.csproj", "{14551BB7-16FD-4109-B3BE-6B18985498E9}"
EndProject
Project("{FAE04EC0-301F-11D3-BF4B-00C04F79EFBC}") = "ZedLive.IoC", "src\ioc\ZedLive.IoC\ZedLive.IoC.csproj", "{8EA5C401-7498-4445-9B70-E34A560E4402}"
EndProject
Project("{FAE04EC0-301F-11D3-BF4B-00C04F79EFBC}") = "ZedLive.Infrastructure", "src\infrastructure\ZedLive.Infrastructure\ZedLive.Infrastructure.csproj", "{17CF8F9F-6B8A-469F-8E43-FCBF4FB7DFB6}"
EndProject
Project("{FAE04EC0-301F-11D3-BF4B-00C04F79EFBC}") = "ZedLive.Tests", "src\tests\ZedLive.Tests\ZedLive.Tests.csproj", "{23B6234F-4273-4886-B10B-BA95B53BF445}"
EndProject
Project("{2150E333-8FDC-42A3-9474-1A3956D46DE8}") = "api", "api", "{81034408-37C8-1011-444E-4C15C2FADA8E}"
EndProject
Project("{2150E333-8FDC-42A3-9474-1A3956D46DE8}") = "infrastructure", "infrastructure", "{9048EB7F-3875-A59E-E36B-5BD4C6F2A282}"
EndProject
Global
	GlobalSection(SolutionConfigurationPlatforms) = preSolution
		Debug|Any CPU = Debug|Any CPU
		Debug|x64 = Debug|x64
		Debug|x86 = Debug|x86
		Release|Any CPU = Release|Any CPU
		Release|x64 = Release|x64
		Release|x86 = Release|x86
	EndGlobalSection
	GlobalSection(ProjectConfigurationPlatforms) = postSolution
		{A595134B-1B9F-4248-A2FF-73BFE93F4B45}.Debug|Any CPU.ActiveCfg = Debug|Any CPU
		{A595134B-1B9F-4248-A2FF-73BFE93F4B45}.Debug|Any CPU.Build.0 = Debug|Any CPU
		{A595134B-1B9F-4248-A2FF-73BFE93F4B45}.Debug|x64.ActiveCfg = Debug|Any CPU
		{A595134B-1B9F-4248-A2FF-73BFE93F4B45}.Debug|x64.Build.0 = Debug|Any CPU
		{A595134B-1B9F-4248-A2FF-73BFE93F4B45}.Debug|x86.ActiveCfg = Debug|Any CPU
		{A595134B-1B9F-4248-A2FF-73BFE93F4B45}.Debug|x86.Build.0 = Debug|Any CPU
		{A595134B-1B9F-4248-A2FF-73BFE93F4B45}.Release|Any CPU.ActiveCfg = Release|Any CPU
		{A595134B-1B9F-4248-A2FF-73BFE93F4B45}.Release|Any CPU.Build.0 = Release|Any CPU
		{A595134B-1B9F-4248-A2FF-73BFE93F4B45}.Release|x64.ActiveCfg = Release|Any CPU
		{A595134B-1B9F-4248-A2FF-73BFE93F4B45}.Release|x64.Build.0 = Release|Any CPU
		{A595134B-1B9F-4248-A2FF-73BFE93F4B45}.Release|x86.ActiveCfg = Release|Any CPU
		{A595134B-1B9F-4248-A2FF-73BFE93F4B45}.Release|x86.Build.0 = Release|Any CPU
		{041B92F5-BF7F-4146-BAD5-128466320CC4}.Debug|Any CPU.ActiveCfg = Debug|Any CPU
		{041B92F5-BF7F-4146-BAD5-128466320CC4}.Debug|Any CPU.Build.0 = Debug|Any CPU
		{041B92F5-BF7F-4146-BAD5-128466320CC4}.Debug|x64.ActiveCfg = Debug|Any CPU
		{041B92F5-BF7F-4146-BAD5-128466320CC4}.Debug|x64.Build.0 = Debug|Any CPU
		{041B92F5-BF7F-4146-BAD5-128466320CC4}.Debug|x86.ActiveCfg = Debug|Any CPU
		{041B92F5-BF7F-4146-BAD5-128466320CC4}.Debug|x86.Build.0 = Debug|Any CPU
		{041B92F5-BF7F-4146-BAD5-128466320CC4}.Release|Any CPU.ActiveCfg = Release|Any CPU
		{041B92F5-BF7F-4146-BAD5-128466320CC4}.Release|Any CPU.Build.0 = Release|Any CPU
		{041B92F5-BF7F-4146-BAD5-128466320CC4}.Release|x64.ActiveCfg = Release|Any CPU
		{041B92F5-BF7F-4146-BAD5-128466320CC4}.Release|x64.Build.0 = Release|Any CPU
		{041B92F5-BF7F-4146-BAD5-128466320CC4}.Release|x86.ActiveCfg = Release|Any CPU
		{041B92F5-BF7F-4146-BAD5-128466320CC4}.Release|x86.Build.0 = Release|Any CPU
		{14551BB7-16FD-4109-B3BE-6B18985498E9}.Debug|Any CPU.ActiveCfg = Debug|Any CPU
		{14551BB7-16FD-4109-B3BE-6B18985498E9}.Debug|Any CPU.Build.0 = Debug|Any CPU
		{14551BB7-16FD-4109-B3BE-6B18985498E9}.Debug|x64.ActiveCfg = Debug|Any CPU
		{14551BB7-16FD-4109-B3BE-6B18985498E9}.Debug|x64.Build.0 = Debug|Any CPU
		{14551BB7-16FD-4109-B3BE-6B18985498E9}.Debug|x86.ActiveCfg = Debug|Any CPU
		{14551BB7-16FD-4109-B3BE-6B18985498E9}.Debug|x86.Build.0 = Debug|Any CPU
		{14551BB7-16FD-4109-B3BE-6B18985498E9}.Release|Any CPU.ActiveCfg = Release|Any CPU
		{14551BB7-16FD-4109-B3BE-6B18985498E9}.Release|Any CPU.Build.0 = Release|Any CPU
		{14551BB7-16FD-4109-B3BE-6B18985498E9}.Release|x64.ActiveCfg = Release|Any CPU
		{14551BB7-16FD-4109-B3BE-6B18985498E9}.Release|x64.Build.0 = Release|Any CPU
		{14551BB7-16FD-4109-B3BE-6B18985498E9}.Release|x86.ActiveCfg = Release|Any CPU
		{14551BB7-16FD-4109-B3BE-6B18985498E9}.Release|x86.Build.0 = Release|Any CPU
		{8EA5C401-7498-4445-9B70-E34A560E4402}.Debug|Any CPU.ActiveCfg = Debug|Any CPU
		{8EA5C401-7498-4445-9B70-E34A560E4402}.Debug|Any CPU.Build.0 = Debug|Any CPU
		{8EA5C401-7498-4445-9B70-E34A560E4402}.Debug|x64.ActiveCfg = Debug|Any CPU
		{8EA5C401-7498-4445-9B70-E34A560E4402}.Debug|x64.Build.0 = Debug|Any CPU
		{8EA5C401-7498-4445-9B70-E34A560E4402}.Debug|x86.ActiveCfg = Debug|Any CPU
		{8EA5C401-7498-4445-9B70-E34A560E4402}.Debug|x86.Build.0 = Debug|Any CPU
		{8EA5C401-7498-4445-9B70-E34A560E4402}.Release|Any CPU.ActiveCfg = Release|Any CPU
		{8EA5C401-7498-4445-9B70-E34A560E4402}.Release|Any CPU.Build.0 = Release|Any CPU
		{8EA5C401-7498-4445-9B70-E34A560E4402}.Release|x64.ActiveCfg = Release|Any CPU
		{8EA5C401-7498-4445-9B70-E34A560E4402}.Release|x64.Build.0 = Release|Any CPU
		{8EA5C401-7498-4445-9B70-E34A560E4402}.Release|x86.ActiveCfg = Release|Any CPU
		{8EA5C401-7498-4445-9B70-E34A560E4402}.Release|x86.Build.0 = Release|Any CPU
		{17CF8F9F-6B8A-469F-8E43-FCBF4FB7DFB6}.Debug|Any CPU.ActiveCfg = Debug|Any CPU
		{17CF8F9F-6B8A-469F-8E43-FCBF4FB7DFB6}.Debug|Any CPU.Build.0 = Debug|Any CPU
		{17CF8F9F-6B8A-469F-8E43-FCBF4FB7DFB6}.Debug|x64.ActiveCfg = Debug|Any CPU
		{17CF8F9F-6B8A-469F-8E43-FCBF4FB7DFB6}.Debug|x64.Build.0 = Debug|Any CPU
		{17CF8F9F-6B8A-469F-8E43-FCBF4FB7DFB6}.Debug|x86.ActiveCfg = Debug|Any CPU
		{17CF8F9F-6B8A-469F-8E43-FCBF4FB7DFB6}.Debug|x86.Build.0 = Debug|Any CPU
		{17CF8F9F-6B8A-469F-8E43-FCBF4FB7DFB6}.Release|Any CPU.ActiveCfg = Release|Any CPU
		{17CF8F9F-6B8A-469F-8E43-FCBF4FB7DFB6}.Release|Any CPU.Build.0 = Release|Any CPU
		{17CF8F9F-6B8A-469F-8E43-FCBF4FB7DFB6}.Release|x64.ActiveCfg = Release|Any CPU
		{17CF8F9F-6B8A-469F-8E43-FCBF4FB7DFB6}.Release|x64.Build.0 = Release|Any CPU
		{17CF8F9F-6B8A-469F-8E43-FCBF4FB7DFB6}.Release|x86.ActiveCfg = Release|Any CPU
		{17CF8F9F-6B8A-469F-8E43-FCBF4FB7DFB6}.Release|x86.Build.0 = Release|Any CPU
		{23B6234F-4273-4886-B10B-BA95B53BF445}.Debug|Any CPU.ActiveCfg = Debug|Any CPU
		{23B6234F-4273-4886-B10B-BA95B53BF445}.Debug|Any CPU.Build.0 = Debug|Any CPU
		{23B6234F-4273-4886-B10B-BA95B53BF445}.Debug|x64.ActiveCfg = Debug|Any CPU
		{23B6234F-4273-4886-B10B-BA95B53BF445}.Debug|x64.Build.0 = Debug|Any CPU
		{23B6234F-4273-4886-B10B-BA95B53BF445}.Debug|x86.ActiveCfg = Debug|Any CPU
		{23B6234F-4273-4886-B10B-BA95B53BF445}.Debug|x86.Build.0 = Debug|Any CPU
		{23B6234F-4273-4886-B10B-BA95B53BF445}.Release|Any CPU.ActiveCfg = Release|Any CPU
		{23B6234F-4273-4886-B10B-BA95B53BF445}.Release|Any CPU.Build.0 = Release|Any CPU
		{23B6234F-4273-4886-B10B-BA95B53BF445}.Release|x64.ActiveCfg = Release|Any CPU
		{23B6234F-4273-4886-B10B-BA95B53BF445}.Release|x64.Build.0 = Release|Any CPU
		{23B6234F-4273-4886-B10B-BA95B53BF445}.Release|x86.ActiveCfg = Release|Any CPU
		{23B6234F-4273-4886-B10B-BA95B53BF445}.Release|x86.Build.0 = Release|Any CPU
	EndGlobalSection
	GlobalSection(SolutionProperties) = preSolution
		HideSolutionNode = FALSE
	EndGlobalSection
	GlobalSection(NestedProjects) = preSolution
		{8B290487-4C16-E85E-E807-F579CBE9FC4D} = {827E0CD3-B72D-47B6-A68D-7590B98EB39B}
		{A595134B-1B9F-4248-A2FF-73BFE93F4B45} = {8B290487-4C16-E85E-E807-F579CBE9FC4D}
		{041B92F5-BF7F-4146-BAD5-128466320CC4} = {8B290487-4C16-E85E-E807-F579CBE9FC4D}
		{22BAF98C-8415-17C4-B26A-D537657BC863} = {827E0CD3-B72D-47B6-A68D-7590B98EB39B}
		{14551BB7-16FD-4109-B3BE-6B18985498E9} = {22BAF98C-8415-17C4-B26A-D537657BC863}
		{8EA5C401-7498-4445-9B70-E34A560E4402} = {22BAF98C-8415-17C4-B26A-D537657BC863}
		{17CF8F9F-6B8A-469F-8E43-FCBF4FB7DFB6} = {22BAF98C-8415-17C4-B26A-D537657BC863}
		{23B6234F-4273-4886-B10B-BA95B53BF445} = {22BAF98C-8415-17C4-B26A-D537657BC863}
		{81034408-37C8-1011-444E-4C15C2FADA8E} = {827E0CD3-B72D-47B6-A68D-7590B98EB39B}
		{9048EB7F-3875-A59E-E36B-5BD4C6F2A282} = {827E0CD3-B72D-47B6-A68D-7590B98EB39B}
	EndGlobalSection
EndGlobal
